
Microsoft Visual Studio Solution File, Format Version 12.00
# Visual Studio Version 17
VisualStudioVersion = 17.7.34018.315
MinimumVisualStudioVersion = 10.0.40219.1
Project("{FAE04EC0-301F-11D3-BF4B-00C04F79EFBC}") = "lab-csharp", "lab-csharp\lab-csharp.csproj", "{33F14855-7FD0-4F95-B7AD-8A3E49C7CCEE}"
EndProject
Global
	GlobalSection(SolutionConfigurationPlatforms) = preSolution
		Debug|Any CPU = Debug|Any CPU
		Release|Any CPU = Release|Any CPU
	EndGlobalSection
	GlobalSection(ProjectConfigurationPlatforms) = postSolution
		{33F14855-7FD0-4F95-B7AD-8A3E49C7CCEE}.Debug|Any CPU.ActiveCfg = Debug|Any CPU
		{33F14855-7FD0-4F95-B7AD-8A3E49C7CCEE}.Debug|Any CPU.Build.0 = Debug|Any CPU
		{33F14855-7FD0-4F95-B7AD-8A3E49C7CCEE}.Release|Any CPU.ActiveCfg = Release|Any CPU
		{33F14855-7FD0-4F95-B7AD-8A3E49C7CCEE}.Release|Any CPU.Build.0 = Release|Any CPU
	EndGlobalSection
	GlobalSection(SolutionProperties) = preSolution
		HideSolutionNode = FALSE
	EndGlobalSection
	GlobalSection(ExtensibilityGlobals) = postSolution
		SolutionGuid = {7EC41AED-DF6A-4123-A266-1FA4704208C2}
	EndGlobalSection
EndGlobal
